
Microsoft Visual Studio Solution File, Format Version 12.00
# Visual Studio Version 17
VisualStudioVersion = 17.0.32014.148
MinimumVisualStudioVersion = 10.0.40219.1
Project("{2150E333-8FDC-42A3-9474-1A3956D46DE8}") = "src", "src", "{E10AE521-0E2A-4C89-9658-393617947DF7}"
EndProject
Project("{FAE04EC0-301F-11D3-BF4B-00C04F79EFBC}") = "BlogDemo.Domain", "src\BlogDemo.Domain\BlogDemo.Domain.csproj", "{4E79ABB6-6CAD-436E-8EBC-680DE228383F}"
EndProject
Project("{FAE04EC0-301F-11D3-BF4B-00C04F79EFBC}") = "BlogDemo.Infrastructure", "src\BlogDemo.Infrastructure\BlogDemo.Infrastructure.csproj", "{4058B1DC-8EC1-491A-BD1D-1CA11B8273CE}"
EndProject
Project("{FAE04EC0-301F-11D3-BF4B-00C04F79EFBC}") = "BlogDemo.Application", "src\BlogDemo.Application\BlogDemo.Application.csproj", "{FB7E06A5-1F9A-4917-81A8-1E75BF6F44B7}"
EndProject
Project("{FAE04EC0-301F-11D3-BF4B-00C04F79EFBC}") = "BlogDemo.Web", "src\BlogDemo.Web\BlogDemo.Web.csproj", "{83546058-F69B-415E-8808-774B60BF9731}"
EndProject
Global
	GlobalSection(SolutionConfigurationPlatforms) = preSolution
		Debug|Any CPU = Debug|Any CPU
		Release|Any CPU = Release|Any CPU
	EndGlobalSection
	GlobalSection(ProjectConfigurationPlatforms) = postSolution
		{4E79ABB6-6CAD-436E-8EBC-680DE228383F}.Debug|Any CPU.ActiveCfg = Debug|Any CPU
		{4E79ABB6-6CAD-436E-8EBC-680DE228383F}.Debug|Any CPU.Build.0 = Debug|Any CPU
		{4E79ABB6-6CAD-436E-8EBC-680DE228383F}.Release|Any CPU.ActiveCfg = Release|Any CPU
		{4E79ABB6-6CAD-436E-8EBC-680DE228383F}.Release|Any CPU.Build.0 = Release|Any CPU
		{4058B1DC-8EC1-491A-BD1D-1CA11B8273CE}.Debug|Any CPU.ActiveCfg = Debug|Any CPU
		{4058B1DC-8EC1-491A-BD1D-1CA11B8273CE}.Debug|Any CPU.Build.0 = Debug|Any CPU
		{4058B1DC-8EC1-491A-BD1D-1CA11B8273CE}.Release|Any CPU.ActiveCfg = Release|Any CPU
		{4058B1DC-8EC1-491A-BD1D-1CA11B8273CE}.Release|Any CPU.Build.0 = Release|Any CPU
		{FB7E06A5-1F9A-4917-81A8-1E75BF6F44B7}.Debug|Any CPU.ActiveCfg = Debug|Any CPU
		{FB7E06A5-1F9A-4917-81A8-1E75BF6F44B7}.Debug|Any CPU.Build.0 = Debug|Any CPU
		{FB7E06A5-1F9A-4917-81A8-1E75BF6F44B7}.Release|Any CPU.ActiveCfg = Release|Any CPU
		{FB7E06A5-1F9A-4917-81A8-1E75BF6F44B7}.Release|Any CPU.Build.0 = Release|Any CPU
		{83546058-F69B-415E-8808-774B60BF9731}.Debug|Any CPU.ActiveCfg = Debug|Any CPU
		{83546058-F69B-415E-8808-774B60BF9731}.Debug|Any CPU.Build.0 = Debug|Any CPU
		{83546058-F69B-415E-8808-774B60BF9731}.Release|Any CPU.ActiveCfg = Release|Any CPU
		{83546058-F69B-415E-8808-774B60BF9731}.Release|Any CPU.Build.0 = Release|Any CPU
	EndGlobalSection
	GlobalSection(SolutionProperties) = preSolution
		HideSolutionNode = FALSE
	EndGlobalSection
	GlobalSection(NestedProjects) = preSolution
		{4E79ABB6-6CAD-436E-8EBC-680DE228383F} = {E10AE521-0E2A-4C89-9658-393617947DF7}
		{4058B1DC-8EC1-491A-BD1D-1CA11B8273CE} = {E10AE521-0E2A-4C89-9658-393617947DF7}
		{FB7E06A5-1F9A-4917-81A8-1E75BF6F44B7} = {E10AE521-0E2A-4C89-9658-393617947DF7}
		{83546058-F69B-415E-8808-774B60BF9731} = {E10AE521-0E2A-4C89-9658-393617947DF7}
	EndGlobalSection
	GlobalSection(ExtensibilityGlobals) = postSolution
		SolutionGuid = {08F8F5EE-4325-4AEF-8507-C89AD51598AA}
	EndGlobalSection
EndGlobal
